
Microsoft Visual Studio Solution File, Format Version 12.00
# Visual Studio 15
VisualStudioVersion = 15.0.28307.1062
MinimumVisualStudioVersion = 10.0.40219.1
Project("{9A19103F-16F7-4668-BE54-9A1E7A4F7556}") = "SalesWebMvc", "SalesWebMvc\SalesWebMvc.csproj", "{36882A08-3C21-4419-AB06-72F75545BEC6}"
EndProject
Global
	GlobalSection(SolutionConfigurationPlatforms) = preSolution
		Debug|Any CPU = Debug|Any CPU
		Debug|x86 = Debug|x86
		Release|Any CPU = Release|Any CPU
		Release|x86 = Release|x86
	EndGlobalSection
	GlobalSection(ProjectConfigurationPlatforms) = postSolution
		{36882A08-3C21-4419-AB06-72F75545BEC6}.Debug|Any CPU.ActiveCfg = Debug|Any CPU
		{36882A08-3C21-4419-AB06-72F75545BEC6}.Debug|Any CPU.Build.0 = Debug|Any CPU
		{36882A08-3C21-4419-AB06-72F75545BEC6}.Debug|x86.ActiveCfg = Debug|x86
		{36882A08-3C21-4419-AB06-72F75545BEC6}.Debug|x86.Build.0 = Debug|x86
		{36882A08-3C21-4419-AB06-72F75545BEC6}.Release|Any CPU.ActiveCfg = Release|Any CPU
		{36882A08-3C21-4419-AB06-72F75545BEC6}.Release|Any CPU.Build.0 = Release|Any CPU
		{36882A08-3C21-4419-AB06-72F75545BEC6}.Release|x86.ActiveCfg = Release|x86
		{36882A08-3C21-4419-AB06-72F75545BEC6}.Release|x86.Build.0 = Release|x86
	EndGlobalSection
	GlobalSection(SolutionProperties) = preSolution
		HideSolutionNode = FALSE
	EndGlobalSection
	GlobalSection(ExtensibilityGlobals) = postSolution
		SolutionGuid = {21FF5964-C62C-4DDD-91D5-7912A6A13C8A}
	EndGlobalSection
EndGlobal
